// !$*UTF8*$!
{
	archiveVersion = 1;
	classes = {
	};
	objectVersion = 46;
	objects = {

/* Begin PBXBuildFile section */
		199CAB7A16C0EE0D00575395 /* UIKit.framework in Frameworks */ = {isa = PBXBuildFile; fileRef = 199CAB7916C0EE0D00575395 /* UIKit.framework */; };
		199CAB7C16C0EE0D00575395 /* Foundation.framework in Frameworks */ = {isa = PBXBuildFile; fileRef = 199CAB7B16C0EE0D00575395 /* Foundation.framework */; };
		199CAB7E16C0EE0D00575395 /* CoreGraphics.framework in Frameworks */ = {isa = PBXBuildFile; fileRef = 199CAB7D16C0EE0D00575395 /* CoreGraphics.framework */; };
		199CAB8416C0EE0D00575395 /* InfoPlist.strings in Resources */ = {isa = PBXBuildFile; fileRef = 199CAB8216C0EE0D00575395 /* InfoPlist.strings */; };
		199CAB8616C0EE0D00575395 /* main.m in Sources */ = {isa = PBXBuildFile; fileRef = 199CAB8516C0EE0D00575395 /* main.m */; };
		199CAB8A16C0EE0D00575395 /* AppDelegate.m in Sources */ = {isa = PBXBuildFile; fileRef = 199CAB8916C0EE0D00575395 /* AppDelegate.m */; };
		199CAB8C16C0EE0D00575395 /* Default.png in Resources */ = {isa = PBXBuildFile; fileRef = 199CAB8B16C0EE0D00575395 /* Default.png */; };
		199CAB8E16C0EE0D00575395 /* Default@2x.png in Resources */ = {isa = PBXBuildFile; fileRef = 199CAB8D16C0EE0D00575395 /* Default@2x.png */; };
		199CAB9016C0EE0D00575395 /* Default-568h@2x.png in Resources */ = {isa = PBXBuildFile; fileRef = 199CAB8F16C0EE0D00575395 /* Default-568h@2x.png */; };
/* End PBXBuildFile section */

/* Begin PBXFileReference section */
		199CAB7616C0EE0D00575395 /* MIDITest.app */ = {isa = PBXFileReference; explicitFileType = wrapper.application; includeInIndex = 0; path = MIDITest.app; sourceTree = BUILT_PRODUCTS_DIR; };
		199CAB7916C0EE0D00575395 /* UIKit.framework */ = {isa = PBXFileReference; lastKnownFileType = wrapper.framework; name = UIKit.framework; path = System/Library/Frameworks/UIKit.framework; sourceTree = SDKROOT; };
		199CAB7B16C0EE0D00575395 /* Foundation.framework */ = {isa = PBXFileReference; lastKnownFileType = wrapper.framework; name = Foundation.framework; path = System/Library/Frameworks/Foundation.framework; sourceTree = SDKROOT; };
		199CAB7D16C0EE0D00575395 /* CoreGraphics.framework */ = {isa = PBXFileReference; lastKnownFileType = wrapper.framework; name = CoreGraphics.framework; path = System/Library/Frameworks/CoreGraphics.framework; sourceTree = SDKROOT; };
		199CAB8116C0EE0D00575395 /* MIDITest-Info.plist */ = {isa = PBXFileReference; lastKnownFileType = text.plist.xml; path = "MIDITest-Info.plist"; sourceTree = "<group>"; };
		199CAB8316C0EE0D00575395 /* en */ = {isa = PBXFileReference; lastKnownFileType = text.plist.strings; name = en; path = en.lproj/InfoPlist.strings; sourceTree = "<group>"; };
		199CAB8516C0EE0D00575395 /* main.m */ = {isa = PBXFileReference; lastKnownFileType = sourcecode.c.objc; path = main.m; sourceTree = "<group>"; };
		199CAB8716C0EE0D00575395 /* MIDITest-Prefix.pch */ = {isa = PBXFileReference; lastKnownFileType = sourcecode.c.h; path = "MIDITest-Prefix.pch"; sourceTree = "<group>"; };
		199CAB8816C0EE0D00575395 /* AppDelegate.h */ = {isa = PBXFileReference; lastKnownFileType = sourcecode.c.h; path = AppDelegate.h; sourceTree = "<group>"; };
		199CAB8916C0EE0D00575395 /* AppDelegate.m */ = {isa = PBXFileReference; lastKnownFileType = sourcecode.c.objc; path = AppDelegate.m; sourceTree = "<group>"; };
		199CAB8B16C0EE0D00575395 /* Default.png */ = {isa = PBXFileReference; lastKnownFileType = image.png; path = Default.png; sourceTree = "<group>"; };
		199CAB8D16C0EE0D00575395 /* Default@2x.png */ = {isa = PBXFileReference; lastKnownFileType = image.png; path = "Default@2x.png"; sourceTree = "<group>"; };
		199CAB8F16C0EE0D00575395 /* Default-568h@2x.png */ = {isa = PBXFileReference; lastKnownFileType = image.png; path = "Default-568h@2x.png"; sourceTree = "<group>"; };
/* End PBXFileReference section */

/* Begin PBXFrameworksBuildPhase section */
		199CAB7316C0EE0D00575395 /* Frameworks */ = {
			isa = PBXFrameworksBuildPhase;
			buildActionMask = 2147483647;
			files = (
				199CAB7A16C0EE0D00575395 /* UIKit.framework in Frameworks */,
				199CAB7C16C0EE0D00575395 /* Foundation.framework in Frameworks */,
				199CAB7E16C0EE0D00575395 /* CoreGraphics.framework in Frameworks */,
			);
			runOnlyForDeploymentPostprocessing = 0;
		};
/* End PBXFrameworksBuildPhase section */

/* Begin PBXGroup section */
		199CAB6D16C0EE0D00575395 = {
			isa = PBXGroup;
			children = (
				199CAB7F16C0EE0D00575395 /* MIDITest */,
				199CAB7816C0EE0D00575395 /* Frameworks */,
				199CAB7716C0EE0D00575395 /* Products */,
			);
			sourceTree = "<group>";
		};
		199CAB7716C0EE0D00575395 /* Products */ = {
			isa = PBXGroup;
			children = (
				199CAB7616C0EE0D00575395 /* MIDITest.app */,
			);
			name = Products;
			sourceTree = "<group>";
		};
		199CAB7816C0EE0D00575395 /* Frameworks */ = {
			isa = PBXGroup;
			children = (
				199CAB7916C0EE0D00575395 /* UIKit.framework */,
				199CAB7B16C0EE0D00575395 /* Foundation.framework */,
				199CAB7D16C0EE0D00575395 /* CoreGraphics.framework */,
			);
			name = Frameworks;
			sourceTree = "<group>";
		};
		199CAB7F16C0EE0D00575395 /* MIDITest */ = {
			isa = PBXGroup;
			children = (
				199CAB8816C0EE0D00575395 /* AppDelegate.h */,
				199CAB8916C0EE0D00575395 /* AppDelegate.m */,
				199CAB8016C0EE0D00575395 /* Supporting Files */,
			);
			path = MIDITest;
			sourceTree = "<group>";
		};
		199CAB8016C0EE0D00575395 /* Supporting Files */ = {
			isa = PBXGroup;
			children = (
				199CAB8116C0EE0D00575395 /* MIDITest-Info.plist */,
				199CAB8216C0EE0D00575395 /* InfoPlist.strings */,
				199CAB8516C0EE0D00575395 /* main.m */,
				199CAB8716C0EE0D00575395 /* MIDITest-Prefix.pch */,
				199CAB8B16C0EE0D00575395 /* Default.png */,
				199CAB8D16C0EE0D00575395 /* Default@2x.png */,
				199CAB8F16C0EE0D00575395 /* Default-568h@2x.png */,
			);
			name = "Supporting Files";
			sourceTree = "<group>";
		};
/* End PBXGroup section */

/* Begin PBXNativeTarget section */
		199CAB7516C0EE0D00575395 /* MIDITest */ = {
			isa = PBXNativeTarget;
			buildConfigurationList = 199CAB9316C0EE0D00575395 /* Build configuration list for PBXNativeTarget "MIDITest" */;
			buildPhases = (
				199CAB7216C0EE0D00575395 /* Sources */,
				199CAB7316C0EE0D00575395 /* Frameworks */,
				199CAB7416C0EE0D00575395 /* Resources */,
			);
			buildRules = (
			);
			dependencies = (
			);
			name = MIDITest;
			productName = MIDITest;
			productReference = 199CAB7616C0EE0D00575395 /* MIDITest.app */;
			productType = "com.apple.product-type.application";
		};
/* End PBXNativeTarget section */

/* Begin PBXProject section */
		199CAB6E16C0EE0D00575395 /* Project object */ = {
			isa = PBXProject;
			attributes = {
				LastUpgradeCheck = 0460;
				ORGANIZATIONNAME = "David Drechsel";
			};
			buildConfigurationList = 199CAB7116C0EE0D00575395 /* Build configuration list for PBXProject "MIDITest" */;
			compatibilityVersion = "Xcode 3.2";
			developmentRegion = English;
			hasScannedForEncodings = 0;
			knownRegions = (
				en,
			);
			mainGroup = 199CAB6D16C0EE0D00575395;
			productRefGroup = 199CAB7716C0EE0D00575395 /* Products */;
			projectDirPath = "";
			projectRoot = "";
			targets = (
				199CAB7516C0EE0D00575395 /* MIDITest */,
			);
		};
/* End PBXProject section */

/* Begin PBXResourcesBuildPhase section */
		199CAB7416C0EE0D00575395 /* Resources */ = {
			isa = PBXResourcesBuildPhase;
			buildActionMask = 2147483647;
			files = (
				199CAB8416C0EE0D00575395 /* InfoPlist.strings in Resources */,
				199CAB8C16C0EE0D00575395 /* Default.png in Resources */,
				199CAB8E16C0EE0D00575395 /* Default@2x.png in Resources */,
				199CAB9016C0EE0D00575395 /* Default-568h@2x.png in Resources */,
			);
			runOnlyForDeploymentPostprocessing = 0;
		};
/* End PBXResourcesBuildPhase section */

/* Begin PBXSourcesBuildPhase section */
		199CAB7216C0EE0D00575395 /* Sources */ = {
			isa = PBXSourcesBuildPhase;
			buildActionMask = 2147483647;
			files = (
				199CAB8616C0EE0D00575395 /* main.m in Sources */,
				199CAB8A16C0EE0D00575395 /* AppDelegate.m in Sources */,
			);
			runOnlyForDeploymentPostprocessing = 0;
		};
/* End PBXSourcesBuildPhase section */

/* Begin PBXVariantGroup section */
		199CAB8216C0EE0D00575395 /* InfoPlist.strings */ = {
			isa = PBXVariantGroup;
			children = (
				199CAB8316C0EE0D00575395 /* en */,
			);
			name = InfoPlist.strings;
			sourceTree = "<group>";
		};
/* End PBXVariantGroup section */

/* Begin XCBuildConfiguration section */
		199CAB9116C0EE0D00575395 /* Debug */ = {
			isa = XCBuildConfiguration;
			buildSettings = {
				ALWAYS_SEARCH_USER_PATHS = NO;
				CLANG_CXX_LANGUAGE_STANDARD = "gnu++0x";
				CLANG_CXX_LIBRARY = "libc++";
				CLANG_ENABLE_OBJC_ARC = YES;
				CLANG_WARN_CONSTANT_CONVERSION = YES;
				CLANG_WARN_EMPTY_BODY = YES;
				CLANG_WARN_ENUM_CONVERSION = YES;
				CLANG_WARN_INT_CONVERSION = YES;
				CLANG_WARN__DUPLICATE_METHOD_MATCH = YES;
				"CODE_SIGN_IDENTITY[sdk=iphoneos*]" = "iPhone Developer";
				COPY_PHASE_STRIP = NO;
				GCC_C_LANGUAGE_STANDARD = gnu99;
				GCC_DYNAMIC_NO_PIC = NO;
				GCC_OPTIMIZATION_LEVEL = 0;
				GCC_PREPROCESSOR_DEFINITIONS = (
					"DEBUG=1",
					"$(inherited)",
				);
				GCC_SYMBOLS_PRIVATE_EXTERN = NO;
				GCC_WARN_ABOUT_RETURN_TYPE = YES;
				GCC_WARN_UNINITIALIZED_AUTOS = YES;
				GCC_WARN_UNUSED_VARIABLE = YES;
				IPHONEOS_DEPLOYMENT_TARGET = 6.1;
				ONLY_ACTIVE_ARCH = YES;
				SDKROOT = iphoneos;
			};
			name = Debug;
		};
		199CAB9216C0EE0D00575395 /* Release */ = {
			isa = XCBuildConfiguration;
			buildSettings = {
				ALWAYS_SEARCH_USER_PATHS = NO;
				CLANG_CXX_LANGUAGE_STANDARD = "gnu++0x";
				CLANG_CXX_LIBRARY = "libc++";
				CLANG_ENABLE_OBJC_ARC = YES;
				CLANG_WARN_CONSTANT_CONVERSION = YES;
				CLANG_WARN_EMPTY_BODY = YES;
				CLANG_WARN_ENUM_CONVERSION = YES;
				CLANG_WARN_INT_CONVERSION = YES;
				CLANG_WARN__DUPLICATE_METHOD_MATCH = YES;
				"CODE_SIGN_IDENTITY[sdk=iphoneos*]" = "iPhone Developer";
				COPY_PHASE_STRIP = YES;
				GCC_C_LANGUAGE_STANDARD = gnu99;
				GCC_WARN_ABOUT_RETURN_TYPE = YES;
				GCC_WARN_UNINITIALIZED_AUTOS = YES;
				GCC_WARN_UNUSED_VARIABLE = YES;
				IPHONEOS_DEPLOYMENT_TARGET = 6.1;
				OTHER_CFLAGS = "-DNS_BLOCK_ASSERTIONS=1";
				SDKROOT = iphoneos;
				VALIDATE_PRODUCT = YES;
			};
			name = Release;
		};
		199CAB9416C0EE0D00575395 /* Debug */ = {
			isa = XCBuildConfiguration;
			buildSettings = {
				GCC_PRECOMPILE_PREFIX_HEADER = YES;
				GCC_PREFIX_HEADER = "MIDITest/MIDITest-Prefix.pch";
				INFOPLIST_FILE = "MIDITest/MIDITest-Info.plist";
				PRODUCT_NAME = "$(TARGET_NAME)";
				WRAPPER_EXTENSION = app;
			};
			name = Debug;
		};
		199CAB9516C0EE0D00575395 /* Release */ = {
			isa = XCBuildConfiguration;
			buildSettings = {
				GCC_PRECOMPILE_PREFIX_HEADER = YES;
				GCC_PREFIX_HEADER = "MIDITest/MIDITest-Prefix.pch";
				INFOPLIST_FILE = "MIDITest/MIDITest-Info.plist";
				PRODUCT_NAME = "$(TARGET_NAME)";
				WRAPPER_EXTENSION = app;
			};
			name = Release;
		};
/* End XCBuildConfiguration section */

/* Begin XCConfigurationList section */
		199CAB7116C0EE0D00575395 /* Build configuration list for PBXProject "MIDITest" */ = {
			isa = XCConfigurationList;
			buildConfigurations = (
				199CAB9116C0EE0D00575395 /* Debug */,
				199CAB9216C0EE0D00575395 /* Release */,
			);
			defaultConfigurationIsVisible = 0;
			defaultConfigurationName = Release;
		};
		199CAB9316C0EE0D00575395 /* Build configuration list for PBXNativeTarget "MIDITest" */ = {
			isa = XCConfigurationList;
			buildConfigurations = (
				199CAB9416C0EE0D00575395 /* Debug */,
				199CAB9516C0EE0D00575395 /* Release */,
			);
			defaultConfigurationIsVisible = 0;
		};
/* End XCConfigurationList section */
	};
	rootObject = 199CAB6E16C0EE0D00575395 /* Project object */;
}
